PODS:
  - Crashlytics (3.11.1):
    - Fabric (~> 1.8.1)
  - Fabric (1.8.2)
  - LoginServiceKit (2.0.2)
  - Sparkle (1.21.2)

DEPENDENCIES:
  - Crashlytics
  - Fabric
  - LoginServiceKit (from `https://github.com/Clipy/LoginServiceKit.git`)
  - Sparkle

SPEC REPOS:
  trunk:
    - Crashlytics
    - Fabric
    - Sparkle

EXTERNAL SOURCES:
  LoginServiceKit:
    :git: https://github.com/Clipy/LoginServiceKit.git

CHECKOUT OPTIONS:
  LoginServiceKit:
    :commit: 79c9d6d2cc25dc238e6044245bebdc8253a786f2
    :git: https://github.com/Clipy/LoginServiceKit.git

SPEC CHECKSUMS:
  Crashlytics: 3df6ef91701e6dc98005417f6d4f37ccf0cd3344
  Fabric: d7d7820bb92eaf2c3fc36733f6e5ca9692d921e8
  LoginServiceKit: 5b4736234dc4cc96d786d8cd83e43b9ce5e7f1ca
  Sparkle: 1678d4707e7665960c7d1b43aca125e6392d11c4

PODFILE CHECKSUM: f237920f869d400b1819fdc4dd988f78ac218ef7

COCOAPODS: 1.10.2
